
Microsoft Visual Studio Solution File, Format Version 12.00
# Visual Studio Version 17
VisualStudioVersion = 17.0.32112.339
MinimumVisualStudioVersion = 10.0.40219.1
Project("{2150E333-8FDC-42A3-9474-1A3956D46DE8}") = "src", "src", "{3F979458-700A-42FF-A27F-D20D9C41ECE1}"
EndProject
Project("{2150E333-8FDC-42A3-9474-1A3956D46DE8}") = "tests", "tests", "{C93DF44C-F2AF-4306-AB4E-610C2F9A4FF1}"
EndProject
Project("{2150E333-8FDC-42A3-9474-1A3956D46DE8}") = "1.Hosts", "1.Hosts", "{12A1C12B-FBDE-4ABA-8751-E852CAFB47AB}"
EndProject
Project("{2150E333-8FDC-42A3-9474-1A3956D46DE8}") = "2.Domain", "2.Domain", "{415BC525-BA6A-4343-A5E2-69FBC88DA580}"
EndProject
Project("{2150E333-8FDC-42A3-9474-1A3956D46DE8}") = "3.Infra", "3.Infra", "{9D2FE451-49D3-4F1D-8DE7-1F30916A4A02}"
EndProject
Project("{2150E333-8FDC-42A3-9474-1A3956D46DE8}") = "0.Common", "0.Common", "{97236896-6959-4B05-A680-72DA70E139F1}"
EndProject
Project("{2150E333-8FDC-42A3-9474-1A3956D46DE8}") = "4.Tests", "4.Tests", "{A98D3501-583B-4E03-BE2D-67E58ACAEADD}"
EndProject
Project("{FAE04EC0-301F-11D3-BF4B-00C04F79EFBC}") = "NYCSS.Domain", "src\NYCSS.Domain\NYCSS.Domain.csproj", "{0D36F5E7-87AA-4F43-9667-0A15645191FD}"
EndProject
Project("{FAE04EC0-301F-11D3-BF4B-00C04F79EFBC}") = "NYCSS.SubwayApi", "src\NYCSS.SubwayApi\NYCSS.SubwayApi.csproj", "{287DBC60-9B9B-492B-AE4E-C03FE75E95F5}"
EndProject
Project("{FAE04EC0-301F-11D3-BF4B-00C04F79EFBC}") = "NYCSS.UserApi", "src\NYCSS.UserApi\NYCSS.UserApi.csproj", "{90DFAF1F-ED4E-43A4-9983-58D058BA9336}"
EndProject
Project("{FAE04EC0-301F-11D3-BF4B-00C04F79EFBC}") = "NYCSS.AuthApi", "src\NYCSS.AuthApi\NYCSS.AuthApi.csproj", "{6290CD49-7CA8-44EB-920A-9DEBC53FB8CA}"
EndProject
Project("{FAE04EC0-301F-11D3-BF4B-00C04F79EFBC}") = "NYCSS.Utils", "src\NYCSS.Utils\NYCSS.Utils.csproj", "{66E37661-99EE-4E10-84F7-7CA8947DB825}"
EndProject
Project("{FAE04EC0-301F-11D3-BF4B-00C04F79EFBC}") = "NYCSS.Infra.MongoDB", "src\NYCSS.Infra.MongoDB\NYCSS.Infra.MongoDB.csproj", "{A95448AD-8B1E-49FC-9AD6-40EF19EB275F}"
EndProject
Project("{FAE04EC0-301F-11D3-BF4B-00C04F79EFBC}") = "NYCSS.Infra.SqlServer", "src\NYCSS.Infra.SqlServer\NYCSS.Infra.SqlServer.csproj", "{D0414020-1413-406D-9E1C-6A5CA5C1F682}"
EndProject
Project("{9A19103F-16F7-4668-BE54-9A1E7A4F7556}") = "NYCSS.Infra.JsonReader", "src\NYCSS.Infra.JsonReader\NYCSS.Infra.JsonReader.csproj", "{B16F8F27-5C5A-4AFF-B978-17E5ADEA3CEF}"
EndProject
Project("{9A19103F-16F7-4668-BE54-9A1E7A4F7556}") = "NYCSS.Tests", "tests\NYCSS.Tests\NYCSS.Tests.csproj", "{D77295B7-8DBD-4CDE-80E4-A2DBC0C60687}"
EndProject
Global
	GlobalSection(SolutionConfigurationPlatforms) = preSolution
		Debug|Any CPU = Debug|Any CPU
		Release|Any CPU = Release|Any CPU
	EndGlobalSection
	GlobalSection(ProjectConfigurationPlatforms) = postSolution
		{0D36F5E7-87AA-4F43-9667-0A15645191FD}.Debug|Any CPU.ActiveCfg = Debug|Any CPU
		{0D36F5E7-87AA-4F43-9667-0A15645191FD}.Debug|Any CPU.Build.0 = Debug|Any CPU
		{0D36F5E7-87AA-4F43-9667-0A15645191FD}.Release|Any CPU.ActiveCfg = Release|Any CPU
		{0D36F5E7-87AA-4F43-9667-0A15645191FD}.Release|Any CPU.Build.0 = Release|Any CPU
		{287DBC60-9B9B-492B-AE4E-C03FE75E95F5}.Debug|Any CPU.ActiveCfg = Debug|Any CPU
		{287DBC60-9B9B-492B-AE4E-C03FE75E95F5}.Debug|Any CPU.Build.0 = Debug|Any CPU
		{287DBC60-9B9B-492B-AE4E-C03FE75E95F5}.Release|Any CPU.ActiveCfg = Release|Any CPU
		{287DBC60-9B9B-492B-AE4E-C03FE75E95F5}.Release|Any CPU.Build.0 = Release|Any CPU
		{90DFAF1F-ED4E-43A4-9983-58D058BA9336}.Debug|Any CPU.ActiveCfg = Debug|Any CPU
		{90DFAF1F-ED4E-43A4-9983-58D058BA9336}.Debug|Any CPU.Build.0 = Debug|Any CPU
		{90DFAF1F-ED4E-43A4-9983-58D058BA9336}.Release|Any CPU.ActiveCfg = Release|Any CPU
		{90DFAF1F-ED4E-43A4-9983-58D058BA9336}.Release|Any CPU.Build.0 = Release|Any CPU
		{6290CD49-7CA8-44EB-920A-9DEBC53FB8CA}.Debug|Any CPU.ActiveCfg = Debug|Any CPU
		{6290CD49-7CA8-44EB-920A-9DEBC53FB8CA}.Debug|Any CPU.Build.0 = Debug|Any CPU
		{6290CD49-7CA8-44EB-920A-9DEBC53FB8CA}.Release|Any CPU.ActiveCfg = Release|Any CPU
		{6290CD49-7CA8-44EB-920A-9DEBC53FB8CA}.Release|Any CPU.Build.0 = Release|Any CPU
		{66E37661-99EE-4E10-84F7-7CA8947DB825}.Debug|Any CPU.ActiveCfg = Debug|Any CPU
		{66E37661-99EE-4E10-84F7-7CA8947DB825}.Debug|Any CPU.Build.0 = Debug|Any CPU
		{66E37661-99EE-4E10-84F7-7CA8947DB825}.Release|Any CPU.ActiveCfg = Release|Any CPU
		{66E37661-99EE-4E10-84F7-7CA8947DB825}.Release|Any CPU.Build.0 = Release|Any CPU
		{A95448AD-8B1E-49FC-9AD6-40EF19EB275F}.Debug|Any CPU.ActiveCfg = Debug|Any CPU
		{A95448AD-8B1E-49FC-9AD6-40EF19EB275F}.Debug|Any CPU.Build.0 = Debug|Any CPU
		{A95448AD-8B1E-49FC-9AD6-40EF19EB275F}.Release|Any CPU.ActiveCfg = Release|Any CPU
		{A95448AD-8B1E-49FC-9AD6-40EF19EB275F}.Release|Any CPU.Build.0 = Release|Any CPU
		{D0414020-1413-406D-9E1C-6A5CA5C1F682}.Debug|Any CPU.ActiveCfg = Debug|Any CPU
		{D0414020-1413-406D-9E1C-6A5CA5C1F682}.Debug|Any CPU.Build.0 = Debug|Any CPU
		{D0414020-1413-406D-9E1C-6A5CA5C1F682}.Release|Any CPU.ActiveCfg = Release|Any CPU
		{D0414020-1413-406D-9E1C-6A5CA5C1F682}.Release|Any CPU.Build.0 = Release|Any CPU
		{B16F8F27-5C5A-4AFF-B978-17E5ADEA3CEF}.Debug|Any CPU.ActiveCfg = Debug|Any CPU
		{B16F8F27-5C5A-4AFF-B978-17E5ADEA3CEF}.Debug|Any CPU.Build.0 = Debug|Any CPU
		{B16F8F27-5C5A-4AFF-B978-17E5ADEA3CEF}.Release|Any CPU.ActiveCfg = Release|Any CPU
		{B16F8F27-5C5A-4AFF-B978-17E5ADEA3CEF}.Release|Any CPU.Build.0 = Release|Any CPU
		{D77295B7-8DBD-4CDE-80E4-A2DBC0C60687}.Debug|Any CPU.ActiveCfg = Debug|Any CPU
		{D77295B7-8DBD-4CDE-80E4-A2DBC0C60687}.Debug|Any CPU.Build.0 = Debug|Any CPU
		{D77295B7-8DBD-4CDE-80E4-A2DBC0C60687}.Release|Any CPU.ActiveCfg = Release|Any CPU
		{D77295B7-8DBD-4CDE-80E4-A2DBC0C60687}.Release|Any CPU.Build.0 = Release|Any CPU
	EndGlobalSection
	GlobalSection(SolutionProperties) = preSolution
		HideSolutionNode = FALSE
	EndGlobalSection
	GlobalSection(NestedProjects) = preSolution
		{12A1C12B-FBDE-4ABA-8751-E852CAFB47AB} = {3F979458-700A-42FF-A27F-D20D9C41ECE1}
		{415BC525-BA6A-4343-A5E2-69FBC88DA580} = {3F979458-700A-42FF-A27F-D20D9C41ECE1}
		{9D2FE451-49D3-4F1D-8DE7-1F30916A4A02} = {3F979458-700A-42FF-A27F-D20D9C41ECE1}
		{97236896-6959-4B05-A680-72DA70E139F1} = {3F979458-700A-42FF-A27F-D20D9C41ECE1}
		{A98D3501-583B-4E03-BE2D-67E58ACAEADD} = {3F979458-700A-42FF-A27F-D20D9C41ECE1}
		{0D36F5E7-87AA-4F43-9667-0A15645191FD} = {415BC525-BA6A-4343-A5E2-69FBC88DA580}
		{287DBC60-9B9B-492B-AE4E-C03FE75E95F5} = {12A1C12B-FBDE-4ABA-8751-E852CAFB47AB}
		{90DFAF1F-ED4E-43A4-9983-58D058BA9336} = {12A1C12B-FBDE-4ABA-8751-E852CAFB47AB}
		{6290CD49-7CA8-44EB-920A-9DEBC53FB8CA} = {12A1C12B-FBDE-4ABA-8751-E852CAFB47AB}
		{66E37661-99EE-4E10-84F7-7CA8947DB825} = {97236896-6959-4B05-A680-72DA70E139F1}
		{A95448AD-8B1E-49FC-9AD6-40EF19EB275F} = {9D2FE451-49D3-4F1D-8DE7-1F30916A4A02}
		{D0414020-1413-406D-9E1C-6A5CA5C1F682} = {9D2FE451-49D3-4F1D-8DE7-1F30916A4A02}
		{B16F8F27-5C5A-4AFF-B978-17E5ADEA3CEF} = {9D2FE451-49D3-4F1D-8DE7-1F30916A4A02}
		{D77295B7-8DBD-4CDE-80E4-A2DBC0C60687} = {A98D3501-583B-4E03-BE2D-67E58ACAEADD}
	EndGlobalSection
	GlobalSection(ExtensibilityGlobals) = postSolution
		SolutionGuid = {40560C8D-0241-4CDA-8F58-1F46FB75C6A5}
	EndGlobalSection
EndGlobal
